
Microsoft Visual Studio Solution File, Format Version 12.00
# Visual Studio Version 16
VisualStudioVersion = 16.0.30804.86
MinimumVisualStudioVersion = 10.0.40219.1
Project("{FAE04EC0-301F-11D3-BF4B-00C04F79EFBC}") = "EQService", "EQService.csproj", "{D20902D4-24D7-48E8-B85D-0097875D596F}"
EndProject
Global
	GlobalSection(SolutionConfigurationPlatforms) = preSolution
		Debug|Any CPU = Debug|Any CPU
		Release|Any CPU = Release|Any CPU
	EndGlobalSection
	GlobalSection(ProjectConfigurationPlatforms) = postSolution
		{D20902D4-24D7-48E8-B85D-0097875D596F}.Debug|Any CPU.ActiveCfg = Debug|Any CPU
		{D20902D4-24D7-48E8-B85D-0097875D596F}.Debug|Any CPU.Build.0 = Debug|Any CPU
		{D20902D4-24D7-48E8-B85D-0097875D596F}.Release|Any CPU.ActiveCfg = Release|Any CPU
		{D20902D4-24D7-48E8-B85D-0097875D596F}.Release|Any CPU.Build.0 = Release|Any CPU
	EndGlobalSection
	GlobalSection(SolutionProperties) = preSolution
		HideSolutionNode = FALSE
	EndGlobalSection
	GlobalSection(ExtensibilityGlobals) = postSolution
		SolutionGuid = {614F8A2B-1E0F-41A4-B28F-1776CC1D3CB3}
	EndGlobalSection
EndGlobal
